
Microsoft Visual Studio Solution File, Format Version 12.00
# Visual Studio Version 17
VisualStudioVersion = 17.10.35004.147
MinimumVisualStudioVersion = 10.0.40219.1
Project("{2150E333-8FDC-42A3-9474-1A3956D46DE8}") = "samples", "samples", "{4B1B4A02-54D9-4A35-96DF-46D86443D3CB}"
EndProject
Project("{2150E333-8FDC-42A3-9474-1A3956D46DE8}") = "src", "src", "{2F0DCAF3-56A7-4257-ACC6-9E6AA34195BF}"
EndProject
Project("{9A19103F-16F7-4668-BE54-9A1E7A4F7556}") = "Trade360SDK.Feed", "src\Trade360SDK.Feed\Trade360SDK.Feed.csproj", "{296E9584-EDEF-41A2-B05E-115920DA8102}"
EndProject
Project("{9A19103F-16F7-4668-BE54-9A1E7A4F7556}") = "Trade360SDK.CustomersApi", "src\Trade360SDK.CustomersApi\Trade360SDK.CustomersApi.csproj", "{355A78D4-ACAC-4D17-8B57-6767DA3FD2A8}"
EndProject
Project("{9A19103F-16F7-4668-BE54-9A1E7A4F7556}") = "Trade360SDK.Feed.RabbitMQ", "src\Trade360SDK.Feed.RabbitMQ\Trade360SDK.Feed.RabbitMQ.csproj", "{619F8B46-159D-420A-8D7C-8A359B8B6AAB}"
EndProject
Project("{9A19103F-16F7-4668-BE54-9A1E7A4F7556}") = "Trade360SDK.SnapshotApi", "src\Trade360SDK.SnapshotApi\Trade360SDK.SnapshotApi.csproj", "{A6A25932-897D-4FEE-87DF-A5F1CABDB0DF}"
EndProject
Project("{9A19103F-16F7-4668-BE54-9A1E7A4F7556}") = "Trade360SDK.Common", "src\Trade360SDK.Common.Entities\Trade360SDK.Common.csproj", "{13DE42C3-E297-4D98-BDF1-AADDD137D13F}"
EndProject
Project("{9A19103F-16F7-4668-BE54-9A1E7A4F7556}") = "Trade360SDK.CustomersApi.Example", "sdk.samples\Trade360SDK.CustomersApi.Example\Trade360SDK.CustomersApi.Example.csproj", "{88A18F81-BF27-4768-8AC6-E56C28C325D7}"
EndProject
Project("{9A19103F-16F7-4668-BE54-9A1E7A4F7556}") = "Trade360SDK.Feed.Example", "sdk.samples\Trade360SDK.Feed.Example\Trade360SDK.Feed.Example.csproj", "{E25DA717-7BD2-4B05-BCBD-5ED6B07D8EEE}"
EndProject
Project("{9A19103F-16F7-4668-BE54-9A1E7A4F7556}") = "Trade360SDK.SnapshotApi.Example", "sdk.samples\Trade360SDK.SnapshotApi.Example\Trade360SDK.SnapshotApi.Example.csproj", "{A3A7E388-2FCD-4A6F-9B81-BCBBFDD6B15A}"
EndProject
Project("{FAE04EC0-301F-11D3-BF4B-00C04F79EFBC}") = "Trade360SDK.Microsoft.DependencyInjection", "src\Trade360SDK.Microsoft.DependencyInjection\Trade360SDK.Microsoft.DependencyInjection.csproj", "{D0651137-2737-48AD-8E2B-F62933AC0C88}"
EndProject
Project("{2150E333-8FDC-42A3-9474-1A3956D46DE8}") = "test", "test", "{AC4CD9FD-0BE5-4949-8A74-F9D8B2AD8ACE}"
EndProject
Project("{FAE04EC0-301F-11D3-BF4B-00C04F79EFBC}") = "Trade360SDK.Common.Tests", "test\Trade360SDK.Common.Tests\Trade360SDK.Common.Tests.csproj", "{4775BE13-C927-4088-BB3D-C6A60EDBB128}"
EndProject
Global
	GlobalSection(SolutionConfigurationPlatforms) = preSolution
		Debug|Any CPU = Debug|Any CPU
		Release|Any CPU = Release|Any CPU
	EndGlobalSection
	GlobalSection(ProjectConfigurationPlatforms) = postSolution
		{296E9584-EDEF-41A2-B05E-115920DA8102}.Debug|Any CPU.ActiveCfg = Debug|Any CPU
		{296E9584-EDEF-41A2-B05E-115920DA8102}.Debug|Any CPU.Build.0 = Debug|Any CPU
		{296E9584-EDEF-41A2-B05E-115920DA8102}.Release|Any CPU.ActiveCfg = Release|Any CPU
		{296E9584-EDEF-41A2-B05E-115920DA8102}.Release|Any CPU.Build.0 = Release|Any CPU
		{355A78D4-ACAC-4D17-8B57-6767DA3FD2A8}.Debug|Any CPU.ActiveCfg = Debug|Any CPU
		{355A78D4-ACAC-4D17-8B57-6767DA3FD2A8}.Debug|Any CPU.Build.0 = Debug|Any CPU
		{355A78D4-ACAC-4D17-8B57-6767DA3FD2A8}.Release|Any CPU.ActiveCfg = Release|Any CPU
		{355A78D4-ACAC-4D17-8B57-6767DA3FD2A8}.Release|Any CPU.Build.0 = Release|Any CPU
		{619F8B46-159D-420A-8D7C-8A359B8B6AAB}.Debug|Any CPU.ActiveCfg = Debug|Any CPU
		{619F8B46-159D-420A-8D7C-8A359B8B6AAB}.Debug|Any CPU.Build.0 = Debug|Any CPU
		{619F8B46-159D-420A-8D7C-8A359B8B6AAB}.Release|Any CPU.ActiveCfg = Release|Any CPU
		{619F8B46-159D-420A-8D7C-8A359B8B6AAB}.Release|Any CPU.Build.0 = Release|Any CPU
		{A6A25932-897D-4FEE-87DF-A5F1CABDB0DF}.Debug|Any CPU.ActiveCfg = Debug|Any CPU
		{A6A25932-897D-4FEE-87DF-A5F1CABDB0DF}.Debug|Any CPU.Build.0 = Debug|Any CPU
		{A6A25932-897D-4FEE-87DF-A5F1CABDB0DF}.Release|Any CPU.ActiveCfg = Release|Any CPU
		{A6A25932-897D-4FEE-87DF-A5F1CABDB0DF}.Release|Any CPU.Build.0 = Release|Any CPU
		{13DE42C3-E297-4D98-BDF1-AADDD137D13F}.Debug|Any CPU.ActiveCfg = Debug|Any CPU
		{13DE42C3-E297-4D98-BDF1-AADDD137D13F}.Debug|Any CPU.Build.0 = Debug|Any CPU
		{13DE42C3-E297-4D98-BDF1-AADDD137D13F}.Release|Any CPU.ActiveCfg = Release|Any CPU
		{13DE42C3-E297-4D98-BDF1-AADDD137D13F}.Release|Any CPU.Build.0 = Release|Any CPU
		{88A18F81-BF27-4768-8AC6-E56C28C325D7}.Debug|Any CPU.ActiveCfg = Debug|Any CPU
		{88A18F81-BF27-4768-8AC6-E56C28C325D7}.Debug|Any CPU.Build.0 = Debug|Any CPU
		{88A18F81-BF27-4768-8AC6-E56C28C325D7}.Release|Any CPU.ActiveCfg = Release|Any CPU
		{88A18F81-BF27-4768-8AC6-E56C28C325D7}.Release|Any CPU.Build.0 = Release|Any CPU
		{E25DA717-7BD2-4B05-BCBD-5ED6B07D8EEE}.Debug|Any CPU.ActiveCfg = Debug|Any CPU
		{E25DA717-7BD2-4B05-BCBD-5ED6B07D8EEE}.Debug|Any CPU.Build.0 = Debug|Any CPU
		{E25DA717-7BD2-4B05-BCBD-5ED6B07D8EEE}.Release|Any CPU.ActiveCfg = Release|Any CPU
		{E25DA717-7BD2-4B05-BCBD-5ED6B07D8EEE}.Release|Any CPU.Build.0 = Release|Any CPU
		{A3A7E388-2FCD-4A6F-9B81-BCBBFDD6B15A}.Debug|Any CPU.ActiveCfg = Debug|Any CPU
		{A3A7E388-2FCD-4A6F-9B81-BCBBFDD6B15A}.Debug|Any CPU.Build.0 = Debug|Any CPU
		{A3A7E388-2FCD-4A6F-9B81-BCBBFDD6B15A}.Release|Any CPU.ActiveCfg = Release|Any CPU
		{A3A7E388-2FCD-4A6F-9B81-BCBBFDD6B15A}.Release|Any CPU.Build.0 = Release|Any CPU
		{D0651137-2737-48AD-8E2B-F62933AC0C88}.Debug|Any CPU.ActiveCfg = Debug|Any CPU
		{D0651137-2737-48AD-8E2B-F62933AC0C88}.Debug|Any CPU.Build.0 = Debug|Any CPU
		{D0651137-2737-48AD-8E2B-F62933AC0C88}.Release|Any CPU.ActiveCfg = Release|Any CPU
		{D0651137-2737-48AD-8E2B-F62933AC0C88}.Release|Any CPU.Build.0 = Release|Any CPU
		{4775BE13-C927-4088-BB3D-C6A60EDBB128}.Debug|Any CPU.ActiveCfg = Debug|Any CPU
		{4775BE13-C927-4088-BB3D-C6A60EDBB128}.Debug|Any CPU.Build.0 = Debug|Any CPU
		{4775BE13-C927-4088-BB3D-C6A60EDBB128}.Release|Any CPU.ActiveCfg = Release|Any CPU
		{4775BE13-C927-4088-BB3D-C6A60EDBB128}.Release|Any CPU.Build.0 = Release|Any CPU
	EndGlobalSection
	GlobalSection(SolutionProperties) = preSolution
		HideSolutionNode = FALSE
	EndGlobalSection
	GlobalSection(NestedProjects) = preSolution
		{296E9584-EDEF-41A2-B05E-115920DA8102} = {2F0DCAF3-56A7-4257-ACC6-9E6AA34195BF}
		{355A78D4-ACAC-4D17-8B57-6767DA3FD2A8} = {2F0DCAF3-56A7-4257-ACC6-9E6AA34195BF}
		{619F8B46-159D-420A-8D7C-8A359B8B6AAB} = {2F0DCAF3-56A7-4257-ACC6-9E6AA34195BF}
		{A6A25932-897D-4FEE-87DF-A5F1CABDB0DF} = {2F0DCAF3-56A7-4257-ACC6-9E6AA34195BF}
		{13DE42C3-E297-4D98-BDF1-AADDD137D13F} = {2F0DCAF3-56A7-4257-ACC6-9E6AA34195BF}
		{88A18F81-BF27-4768-8AC6-E56C28C325D7} = {4B1B4A02-54D9-4A35-96DF-46D86443D3CB}
		{E25DA717-7BD2-4B05-BCBD-5ED6B07D8EEE} = {4B1B4A02-54D9-4A35-96DF-46D86443D3CB}
		{A3A7E388-2FCD-4A6F-9B81-BCBBFDD6B15A} = {4B1B4A02-54D9-4A35-96DF-46D86443D3CB}
		{D0651137-2737-48AD-8E2B-F62933AC0C88} = {2F0DCAF3-56A7-4257-ACC6-9E6AA34195BF}
		{4775BE13-C927-4088-BB3D-C6A60EDBB128} = {AC4CD9FD-0BE5-4949-8A74-F9D8B2AD8ACE}
	EndGlobalSection
	GlobalSection(ExtensibilityGlobals) = postSolution
		SolutionGuid = {0D84D584-8C4F-472D-B04A-B537535B355E}
	EndGlobalSection
EndGlobal
